
Microsoft Visual Studio Solution File, Format Version 12.00
# Visual Studio Version 17
VisualStudioVersion = 17.6.33801.468
MinimumVisualStudioVersion = 10.0.40219.1
Project("{FAE04EC0-301F-11D3-BF4B-00C04F79EFBC}") = "AccesoWindows", "AccesoWindows.csproj", "{80D95BCB-F2CE-4212-8FA6-31DEED94AD3D}"
EndProject
Global
	GlobalSection(SolutionConfigurationPlatforms) = preSolution
		Debug|Any CPU = Debug|Any CPU
		Release|Any CPU = Release|Any CPU
	EndGlobalSection
	GlobalSection(ProjectConfigurationPlatforms) = postSolution
		{80D95BCB-F2CE-4212-8FA6-31DEED94AD3D}.Debug|Any CPU.ActiveCfg = Debug|Any CPU
		{80D95BCB-F2CE-4212-8FA6-31DEED94AD3D}.Debug|Any CPU.Build.0 = Debug|Any CPU
		{80D95BCB-F2CE-4212-8FA6-31DEED94AD3D}.Release|Any CPU.ActiveCfg = Release|Any CPU
		{80D95BCB-F2CE-4212-8FA6-31DEED94AD3D}.Release|Any CPU.Build.0 = Release|Any CPU
	EndGlobalSection
	GlobalSection(SolutionProperties) = preSolution
		HideSolutionNode = FALSE
	EndGlobalSection
	GlobalSection(ExtensibilityGlobals) = postSolution
		SolutionGuid = {673A33CF-53EF-4A9D-B64A-3A43BA69C01B}
	EndGlobalSection
EndGlobal
